
Microsoft Visual Studio Solution File, Format Version 12.00
# Visual Studio Version 17
VisualStudioVersion = 17.8.34004.107
MinimumVisualStudioVersion = 10.0.40219.1
Project("{FAE04EC0-301F-11D3-BF4B-00C04F79EFBC}") = "Module08practiceTask02", "Module08practiceTask02\Module08practiceTask02.csproj", "{FE6E0F8C-C6D0-44BA-BDF7-3108151A0D7D}"
EndProject
Global
	GlobalSection(SolutionConfigurationPlatforms) = preSolution
		Debug|Any CPU = Debug|Any CPU
		Release|Any CPU = Release|Any CPU
	EndGlobalSection
	GlobalSection(ProjectConfigurationPlatforms) = postSolution
		{FE6E0F8C-C6D0-44BA-BDF7-3108151A0D7D}.Debug|Any CPU.ActiveCfg = Debug|Any CPU
		{FE6E0F8C-C6D0-44BA-BDF7-3108151A0D7D}.Debug|Any CPU.Build.0 = Debug|Any CPU
		{FE6E0F8C-C6D0-44BA-BDF7-3108151A0D7D}.Release|Any CPU.ActiveCfg = Release|Any CPU
		{FE6E0F8C-C6D0-44BA-BDF7-3108151A0D7D}.Release|Any CPU.Build.0 = Release|Any CPU
	EndGlobalSection
	GlobalSection(SolutionProperties) = preSolution
		HideSolutionNode = FALSE
	EndGlobalSection
	GlobalSection(ExtensibilityGlobals) = postSolution
		SolutionGuid = {0E49CCEE-C229-4E16-8B36-1F43E57DAFD6}
	EndGlobalSection
EndGlobal
